# THIS IS AN AUTOGENERATED FILE. DO NOT EDIT THIS FILE DIRECTLY.
# yarn lockfile v1


"@formatjs/ecma402-abstract@^1.2.2":
  version "1.2.2"
  resolved "https://registry.yarnpkg.com/@formatjs/ecma402-abstract/-/ecma402-abstract-1.2.2.tgz#4810bdbd696d3805c535fd0620b7c8f45ab3164f"
  integrity sha512-mLCoAPGlXCVskb/ojBO6iurGqwo6sZvAl8pRC4N25bz4LPWExAM9LsOo057zN3Br1JxUM3RZHG4YGnVt+nSRYQ==

"@formatjs/intl-displaynames@^3.3.9":
  version "3.3.9"
  resolved "https://registry.yarnpkg.com/@formatjs/intl-displaynames/-/intl-displaynames-3.3.9.tgz#18eeb39aa05d4a8b064e520725f9178d0c3f8c50"
  integrity sha512-6Ez9Ab9p9bsxCM4OlqsT+R0rmrj5lr6xjIXiCTs/pSDFeiNPQabWDHcBpiGlMRE3zifOwUOFSoi5AGGYMFgetw==
  dependencies:
    "@formatjs/ecma402-abstract" "^1.2.2"

"@formatjs/intl-listformat@^4.2.7":
  version "4.2.7"
  resolved "https://registry.yarnpkg.com/@formatjs/intl-listformat/-/intl-listformat-4.2.7.tgz#bcccfee92c69e661d4da51567540aa39fef9ceae"
  integrity sha512-7sYy7pBGzClvSZI98FhVeNt6N/ELdvrj8pvLOfcR0+FQyhv0ixanog7bRo9kT8ECin9+RwEpTmX7jGCh8Bcgjw==
  dependencies:
    "@formatjs/ecma402-abstract" "^1.2.2"

"@formatjs/intl-relativetimeformat@^7.2.7":
  version "7.2.7"
  resolved "https://registry.yarnpkg.com/@formatjs/intl-relativetimeformat/-/intl-relativetimeformat-7.2.7.tgz#dce72ebafb1ca0bf14673fab3b1aad145e1abac6"
  integrity sha512-R6rxX4PfPQ/EuDRALLSIEDCDW/FAmmu6xpRXIPdZ33bEP7SXEksJB039Bw//I0VIm2fBeIlxe9oqvRGfuqpwVg==
  dependencies:
    "@formatjs/ecma402-abstract" "^1.2.2"

"@formatjs/intl@^1.3.3":
  version "1.3.3"
  resolved "https://registry.yarnpkg.com/@formatjs/intl/-/intl-1.3.3.tgz#d59997b7ef832e7c47e8ca50861ff7ff7461d56c"
  integrity sha512-gFuCIZEH6o1O2ZF8YlhHJEApRrBarQ7iyqxFp4ujllr/tcjgSxfzF+LSBCPyJ1OQIU98ynOc0XKdrAR2wUd3ow==
  dependencies:
    "@formatjs/ecma402-abstract" "^1.2.2"
    "@formatjs/intl-displaynames" "^3.3.9"
    "@formatjs/intl-listformat" "^4.2.7"
    "@formatjs/intl-relativetimeformat" "^7.2.7"
    fast-memoize "^2.5.2"
    intl-messageformat "^9.3.8"
    intl-messageformat-parser "^6.0.7"

"@types/hoist-non-react-statics@^3.3.1":
  version "3.3.1"
  resolved "https://registry.yarnpkg.com/@types/hoist-non-react-statics/-/hoist-non-react-statics-3.3.1.tgz#1124aafe5118cb591977aeb1ceaaed1070eb039f"
  integrity sha512-iMIqiko6ooLrTh1joXodJK5X9xeEALT1kM5G3ZLhD3hszxBdIEd5C75U834D9mLcINgD4OyZf5uQXjkuYydWvA==
  dependencies:
    "@types/react" "*"
    hoist-non-react-statics "^3.3.0"

"@types/prop-types@*":
  version "15.7.3"
  resolved "https://registry.yarnpkg.com/@types/prop-types/-/prop-types-15.7.3.tgz#2ab0d5da2e5815f94b0b9d4b95d1e5f243ab2ca7"
  integrity sha512-KfRL3PuHmqQLOG+2tGpRO26Ctg+Cq1E01D2DMriKEATHgWLfeNDmq9e29Q9WIky0dQ3NPkd1mzYH8Lm936Z9qw==

"@types/react@*":
  version "16.9.49"
  resolved "https://registry.yarnpkg.com/@types/react/-/react-16.9.49.tgz#09db021cf8089aba0cdb12a49f8021a69cce4872"
  integrity sha512-DtLFjSj0OYAdVLBbyjhuV9CdGVHCkHn2R+xr3XkBvK2rS1Y1tkc14XSGjYgm5Fjjr90AxH9tiSzc1pCFMGO06g==
  dependencies:
    "@types/prop-types" "*"
    csstype "^3.0.2"

csstype@^3.0.2:
  version "3.0.3"
  resolved "https://registry.yarnpkg.com/csstype/-/csstype-3.0.3.tgz#2b410bbeba38ba9633353aff34b05d9755d065f8"
  integrity sha512-jPl+wbWPOWJ7SXsWyqGRk3lGecbar0Cb0OvZF/r/ZU011R4YqiRehgkQ9p4eQfo9DSDLqLL3wHwfxeJiuIsNag==

fast-memoize@^2.5.2:
  version "2.5.2"
  resolved "https://registry.yarnpkg.com/fast-memoize/-/fast-memoize-2.5.2.tgz#79e3bb6a4ec867ea40ba0e7146816f6cdce9b57e"
  integrity sha512-Ue0LwpDYErFbmNnZSF0UH6eImUwDmogUO1jyE+JbN2gsQz/jICm1Ve7t9QT0rNSsfJt+Hs4/S3GnsDVjL4HVrw==

hoist-non-react-statics@^3.3.0, hoist-non-react-statics@^3.3.2:
  version "3.3.2"
  resolved "https://registry.yarnpkg.com/hoist-non-react-statics/-/hoist-non-react-statics-3.3.2.tgz#ece0acaf71d62c2969c2ec59feff42a4b1a85b45"
  integrity sha512-/gGivxi8JPKWNm/W0jSmzcMPpfpPLc3dY/6GxhX2hQ9iGj3aDfklV4ET7NjKpSinLpJ5vafa9iiGIEZg10SfBw==
  dependencies:
    react-is "^16.7.0"

intl-messageformat-parser@^6.0.7:
  version "6.0.7"
  resolved "https://registry.yarnpkg.com/intl-messageformat-parser/-/intl-messageformat-parser-6.0.7.tgz#de57a03466e1441b7cbfd99a02ace108745ef133"
  integrity sha512-3T/S9OPqBR2PibpfX/Go+sjaQrHf7p37/eOikvR+M4uaxdJT+Yi3u+ayKURA8fvOmmfkimDSYIRrkoRoHIezfA==
  dependencies:
    "@formatjs/ecma402-abstract" "^1.2.2"

intl-messageformat@^9.3.8:
  version "9.3.8"
  resolved "https://registry.yarnpkg.com/intl-messageformat/-/intl-messageformat-9.3.8.tgz#561f31800cc3ced5dada6c991a0dd0233931850f"
  integrity sha512-XuFoC6kvsgL1qtzro9ubOaJ2zVgeJWb5X0mTYvG7p1OinbOZYPscP8eYyVJf9g++tDy/fwx9TfeaFlunmhC+Vw==
  dependencies:
    fast-memoize "^2.5.2"
    intl-messageformat-parser "^6.0.7"

react-intl@^5.8.3:
  version "5.8.3"
  resolved "https://registry.yarnpkg.com/react-intl/-/react-intl-5.8.3.tgz#2018aca11a49d2d1b0f602e0dda653a47bf59dfb"
  integrity sha512-ueM7JhbBIi+6FpH6jCrJuKcYpjmFn9UAHA28ojY8LMAL1PowZ/53XGGMvfj32J0/2EIuHQ6vUbi/07kJqe1ksQ==
  dependencies:
    "@formatjs/ecma402-abstract" "^1.2.2"
    "@formatjs/intl" "^1.3.3"
    "@formatjs/intl-displaynames" "^3.3.9"
    "@formatjs/intl-listformat" "^4.2.7"
    "@formatjs/intl-relativetimeformat" "^7.2.7"
    "@types/hoist-non-react-statics" "^3.3.1"
    fast-memoize "^2.5.2"
    hoist-non-react-statics "^3.3.2"
    intl-messageformat "^9.3.8"
    intl-messageformat-parser "^6.0.7"
    shallow-equal "^1.2.1"

react-is@^16.7.0:
  version "16.13.1"
  resolved "https://registry.yarnpkg.com/react-is/-/react-is-16.13.1.tgz#789729a4dc36de2999dc156dd6c1d9c18cea56a4"
  integrity sha512-24e6ynE2H+OKt4kqsOvNd8kBpV65zoxbA4BVsEOB3ARVWQki/DHzaUoC5KuON/BiccDaCCTZBuOcfZs70kR8bQ==

shallow-equal@^1.2.1:
  version "1.2.1"
  resolved "https://registry.yarnpkg.com/shallow-equal/-/shallow-equal-1.2.1.tgz#4c16abfa56043aa20d050324efa68940b0da79da"
  integrity sha512-S4vJDjHHMBaiZuT9NPb616CSmLf618jawtv3sufLl6ivK8WocjAo58cXwbRV1cgqxH0Qbv+iUt6m05eqEa2IRA==
