# THIS IS AN AUTOGENERATED FILE. DO NOT EDIT THIS FILE DIRECTLY.
# yarn lockfile v1


"@babel/runtime@^7.0.0":
  version "7.12.5"
  resolved "https://registry.yarnpkg.com/@babel/runtime/-/runtime-7.12.5.tgz#410e7e487441e1b360c29be715d870d9b985882e"
  integrity sha512-plcc+hbExy3McchJCEQG3knOsuh3HH+Prx1P6cLIkET/0dLuQDEnrT+s27Axgc9bqfsmNUNHfscgMUdBpC9xfg==
  dependencies:
    regenerator-runtime "^0.13.4"

"@rooks/use-mutation-observer@3.4.0":
  version "3.4.0"
  resolved "https://registry.yarnpkg.com/@rooks/use-mutation-observer/-/use-mutation-observer-3.4.0.tgz#5e4c122401ae1f790a24c64763a2910d0199a909"
  integrity sha512-q10+v3WbvSt5fj55VMikTPaUZ9Yl+IYDsymodWr2+cKx0PD97VBeWYjk3xHJPqJgejBHwnrwiNkJKGFY5iW+WQ==

classnames@2.2.6:
  version "2.2.6"
  resolved "https://registry.yarnpkg.com/classnames/-/classnames-2.2.6.tgz#43935bffdd291f326dad0a205309b38d00f650ce"
  integrity sha512-JR/iSQOSt+LQIWwrwEzJ9uk0xfN3mTVYMwt1Ir5mUcSN6pU+V4zQFFaJsclJbPuAUQH+yfWef6tm7l1quW3C8Q==

detect-node-es@^1.0.0:
  version "1.0.0"
  resolved "https://registry.yarnpkg.com/detect-node-es/-/detect-node-es-1.0.0.tgz#c0318b9e539a5256ca780dd9575c9345af05b8ed"
  integrity sha512-S4AHriUkTX9FoFvL4G8hXDcx6t3gp2HpfCza3Q0v6S78gul2hKWifLQbeW+ZF89+hSm2ZIc/uF3J97ZgytgTRg==

focus-lock@^0.6.6:
  version "0.6.8"
  resolved "https://registry.yarnpkg.com/focus-lock/-/focus-lock-0.6.8.tgz#61985fadfa92f02f2ee1d90bc738efaf7f3c9f46"
  integrity sha512-vkHTluRCoq9FcsrldC0ulQHiyBYgVJB2CX53I8r0nTC6KnEij7Of0jpBspjt3/CuNb6fyoj3aOh9J2HgQUM0og==

focus-outline-manager@^1.0.2:
  version "1.0.2"
  resolved "https://registry.yarnpkg.com/focus-outline-manager/-/focus-outline-manager-1.0.2.tgz#7bf3658865341fb6b08d042a037b9d2868b119b5"
  integrity sha1-e/NliGU0H7awjQQqA3udKGixGbU=

"js-tokens@^3.0.0 || ^4.0.0":
  version "4.0.0"
  resolved "https://registry.yarnpkg.com/js-tokens/-/js-tokens-4.0.0.tgz#19203fb59991df98e3a287050d4647cdeaf32499"
  integrity sha512-RdJUflcE3cUzKiMqQgsCu06FPu9UdIJO0beYbPhHN4k6apgJtifcoCtT9bcxOpYBtpD2kCM6Sbzg4CausW/PKQ==

lodash.debounce@4.0.8:
  version "4.0.8"
  resolved "https://registry.yarnpkg.com/lodash.debounce/-/lodash.debounce-4.0.8.tgz#82d79bff30a67c4005ffd5e2515300ad9ca4d7af"
  integrity sha1-gteb/zCmfEAF/9XiUVMArZyk168=

lodash.pick@4.4.0:
  version "4.4.0"
  resolved "https://registry.yarnpkg.com/lodash.pick/-/lodash.pick-4.4.0.tgz#52f05610fff9ded422611441ed1fc123a03001b3"
  integrity sha1-UvBWEP/53tQiYRRB7R/BI6AwAbM=

loose-envify@^1.4.0:
  version "1.4.0"
  resolved "https://registry.yarnpkg.com/loose-envify/-/loose-envify-1.4.0.tgz#71ee51fa7be4caec1a63839f7e682d8132d30caf"
  integrity sha512-lyuxPGr/Wfhrlem2CL/UcnUc1zcqKAImBDzukY7Y5F/yQiNdko6+fRLevlw1HgMySw7f611UIY408EtxRSoK3Q==
  dependencies:
    js-tokens "^3.0.0 || ^4.0.0"

object-assign@^4.1.1:
  version "4.1.1"
  resolved "https://registry.yarnpkg.com/object-assign/-/object-assign-4.1.1.tgz#2109adc7965887cfc05cbbd442cac8bfbb360863"
  integrity sha1-IQmtx5ZYh8/AXLvUQsrIv7s2CGM=

prop-types@15.7.2, prop-types@^15.6.2:
  version "15.7.2"
  resolved "https://registry.yarnpkg.com/prop-types/-/prop-types-15.7.2.tgz#52c41e75b8c87e72b9d9360e0206b99dcbffa6c5"
  integrity sha512-8QQikdH7//R2vurIJSutZ1smHYTcLpRWEOlHnzcWHmBYrOGUysKwSsrC89BCiFj3CbrfJ/nXFdJepOVrY1GCHQ==
  dependencies:
    loose-envify "^1.4.0"
    object-assign "^4.1.1"
    react-is "^16.8.1"

react-clientside-effect@^1.2.2:
  version "1.2.2"
  resolved "https://registry.yarnpkg.com/react-clientside-effect/-/react-clientside-effect-1.2.2.tgz#6212fb0e07b204e714581dd51992603d1accc837"
  integrity sha512-nRmoyxeok5PBO6ytPvSjKp9xwXg9xagoTK1mMjwnQxqM9Hd7MNPl+LS1bOSOe+CV2+4fnEquc7H/S8QD3q697A==
  dependencies:
    "@babel/runtime" "^7.0.0"

react-focus-lock@2.2.1:
  version "2.2.1"
  resolved "https://registry.yarnpkg.com/react-focus-lock/-/react-focus-lock-2.2.1.tgz#1d12887416925dc53481914b7cedd39494a3b24a"
  integrity sha512-47g0xYcCTZccdzKRGufepY8oZ3W1Qg+2hn6u9SHZ0zUB6uz/4K4xJe7yYFNZ1qT6m+2JDm82F6QgKeBTbjW4PQ==
  dependencies:
    "@babel/runtime" "^7.0.0"
    focus-lock "^0.6.6"
    prop-types "^15.6.2"
    react-clientside-effect "^1.2.2"
    use-callback-ref "^1.2.1"
    use-sidecar "^1.0.1"

react-is@^16.8.1:
  version "16.13.1"
  resolved "https://registry.yarnpkg.com/react-is/-/react-is-16.13.1.tgz#789729a4dc36de2999dc156dd6c1d9c18cea56a4"
  integrity sha512-24e6ynE2H+OKt4kqsOvNd8kBpV65zoxbA4BVsEOB3ARVWQki/DHzaUoC5KuON/BiccDaCCTZBuOcfZs70kR8bQ==

reactour@^1.18.0:
  version "1.18.0"
  resolved "https://registry.yarnpkg.com/reactour/-/reactour-1.18.0.tgz#a5e7a037b147ec22306f98d42c40d8022520f903"
  integrity sha512-de0Pa5NkDU6I8IyGl+7+rWdDcx3AskmJYK/yIKU11D9EPIN79qzn852gjJgvH/jXZqeEfa+rmMWg72vA0UkmgA==
  dependencies:
    "@rooks/use-mutation-observer" "3.4.0"
    classnames "2.2.6"
    focus-outline-manager "^1.0.2"
    lodash.debounce "4.0.8"
    lodash.pick "4.4.0"
    prop-types "15.7.2"
    react-focus-lock "2.2.1"
    scroll-smooth "1.1.0"
    scrollparent "2.0.1"

regenerator-runtime@^0.13.4:
  version "0.13.7"
  resolved "https://registry.yarnpkg.com/regenerator-runtime/-/regenerator-runtime-0.13.7.tgz#cac2dacc8a1ea675feaabaeb8ae833898ae46f55"
  integrity sha512-a54FxoJDIr27pgf7IgeQGxmqUNYrcV338lf/6gH456HZ/PhX+5BcwHXG9ajESmwe6WRO0tAzRUrRmNONWgkrew==

scroll-smooth@1.1.0:
  version "1.1.0"
  resolved "https://registry.yarnpkg.com/scroll-smooth/-/scroll-smooth-1.1.0.tgz#467994d5bb57ffe7407e9a85bd0303b3d4524ded"
  integrity sha512-68OUOXKN/ykM/Dbp4Lhza3O9QQUuW/c01WTsZzDOUyVgb1I5QjT/awOHCCbuYTSV1QnExUQ9w+KcxmVxlXIiAg==

scrollparent@2.0.1:
  version "2.0.1"
  resolved "https://registry.yarnpkg.com/scrollparent/-/scrollparent-2.0.1.tgz#715d5b9cc57760fb22bdccc3befb5bfe06b1a317"
  integrity sha1-cV1bnMV3YPsivczDvvtb/gaxoxc=

tslib@^1.9.3:
  version "1.14.1"
  resolved "https://registry.yarnpkg.com/tslib/-/tslib-1.14.1.tgz#cf2d38bdc34a134bcaf1091c41f6619e2f672d00"
  integrity sha512-Xni35NKzjgMrwevysHTCArtLDpPvye8zV/0E4EyYn43P7/7qvQwPh9BGkHewbMulVntbigmcT7rdX3BNo9wRJg==

use-callback-ref@^1.2.1:
  version "1.2.4"
  resolved "https://registry.yarnpkg.com/use-callback-ref/-/use-callback-ref-1.2.4.tgz#d86d1577bfd0b955b6e04aaf5971025f406bea3c"
  integrity sha512-rXpsyvOnqdScyied4Uglsp14qzag1JIemLeTWGKbwpotWht57hbP78aNT+Q4wdFKQfQibbUX4fb6Qb4y11aVOQ==

use-sidecar@^1.0.1:
  version "1.0.3"
  resolved "https://registry.yarnpkg.com/use-sidecar/-/use-sidecar-1.0.3.tgz#17a4e567d4830c0c0ee100040e85a7fe68611e0f"
  integrity sha512-ygJwGUBeQfWgDls7uTrlEDzJUUR67L8Rm14v/KfFtYCdHhtjHZx1Krb3DIQl3/Q5dJGfXLEQ02RY8BdNBv87SQ==
  dependencies:
    detect-node-es "^1.0.0"
    tslib "^1.9.3"
